PODS:
  - Flutter (1.0.0)
  - fluttermotion_encoder (0.0.1):
    - Flutter

DEPENDENCIES:
  - Flutter (from `Flutter`)
  - fluttermotion_encoder (from `.symlinks/plugins/fluttermotion_encoder/ios`)

EXTERNAL SOURCES:
  Flutter:
    :path: Flutter
  fluttermotion_encoder:
    :path: ".symlinks/plugins/fluttermotion_encoder/ios"

SPEC CHECKSUMS:
  Flutter: cabc95a1d2626b1b06e7179b784ebcf0c0cde467
  fluttermotion_encoder: b2cca3330955fac4602e1819f8e675c8cd2b285b

PODFILE CHECKSUM: 3c63482e143d1b91d2d2560aee9fb04ecc74ac7e

COCOAPODS: 1.16.2
